
Microsoft Visual Studio Solution File, Format Version 12.00
# Visual Studio Version 16
VisualStudioVersion = 16.0.31624.102
MinimumVisualStudioVersion = 10.0.40219.1
Project("{FAE04EC0-301F-11D3-BF4B-00C04F79EFBC}") = "ByteBank", "ByteBank\ByteBank.csproj", "{7923AEC9-55B1-4600-9A60-80F6C91CE66D}"
EndProject
Global
	GlobalSection(SolutionConfigurationPlatforms) = preSolution
		Debug|Any CPU = Debug|Any CPU
		Release|Any CPU = Release|Any CPU
	EndGlobalSection
	GlobalSection(ProjectConfigurationPlatforms) = postSolution
		{7923AEC9-55B1-4600-9A60-80F6C91CE66D}.Debug|Any CPU.ActiveCfg = Debug|Any CPU
		{7923AEC9-55B1-4600-9A60-80F6C91CE66D}.Debug|Any CPU.Build.0 = Debug|Any CPU
		{7923AEC9-55B1-4600-9A60-80F6C91CE66D}.Release|Any CPU.ActiveCfg = Release|Any CPU
		{7923AEC9-55B1-4600-9A60-80F6C91CE66D}.Release|Any CPU.Build.0 = Release|Any CPU
	EndGlobalSection
	GlobalSection(SolutionProperties) = preSolution
		HideSolutionNode = FALSE
	EndGlobalSection
	GlobalSection(ExtensibilityGlobals) = postSolution
		SolutionGuid = {6961B83C-745E-4269-B951-95EE53206562}
	EndGlobalSection
EndGlobal
